
Microsoft Visual Studio Solution File, Format Version 12.00
# Visual Studio Version 17
VisualStudioVersion = 17.8.34309.116
MinimumVisualStudioVersion = 10.0.40219.1
Project("{9A19103F-16F7-4668-BE54-9A1E7A4F7556}") = "Web-Reviews", "Web-Reviews.csproj", "{381EFDCB-8651-4041-8BC2-A38EEBA26CF8}"
EndProject
Project("{FAE04EC0-301F-11D3-BF4B-00C04F79EFBC}") = "WebReviews.API", "..\API\WebReviews.API\WebReviews.API.csproj", "{0A1D908E-E497-4FC3-9A7A-F932F752FCDC}"
EndProject
Project("{2150E333-8FDC-42A3-9474-1A3956D46DE8}") = "API", "API", "{FF5A2638-8C5D-4138-B6B4-A6A1F52263DA}"
EndProject
Project("{FAE04EC0-301F-11D3-BF4B-00C04F79EFBC}") = "Repository", "..\API\Repository\Repository.csproj", "{A571E1DC-FC1D-44AA-9A07-59A3C5C51EEA}"
EndProject
Project("{FAE04EC0-301F-11D3-BF4B-00C04F79EFBC}") = "Entities", "..\API\Entities\Entities.csproj", "{596B6B08-A390-4E0C-BE42-29834484DFF6}"
EndProject
Project("{FAE04EC0-301F-11D3-BF4B-00C04F79EFBC}") = "Contracts", "..\API\Contracts\Contracts.csproj", "{FBFB495B-75B1-4723-8620-9A3A42DA2052}"
EndProject
Project("{FAE04EC0-301F-11D3-BF4B-00C04F79EFBC}") = "Service", "..\API\Service\Service.csproj", "{4E5E496D-739E-4F39-A25B-065ADFA5C20E}"
EndProject
Project("{FAE04EC0-301F-11D3-BF4B-00C04F79EFBC}") = "Service.Contracts", "..\API\Service.Contracts\Service.Contracts.csproj", "{BD5E577F-4F6F-4459-B495-18F77B48F949}"
EndProject
Project("{FAE04EC0-301F-11D3-BF4B-00C04F79EFBC}") = "Shared", "..\API\Shared\Shared.csproj", "{51D13DE2-CB0C-49AD-BDFA-AB72B1CCDD35}"
EndProject
Project("{FAE04EC0-301F-11D3-BF4B-00C04F79EFBC}") = "Presentation", "..\API\Presentation\Presentation.csproj", "{3AD713F9-0BC2-4C00-9D90-1BB2420B4119}"
EndProject
Global
	GlobalSection(SolutionConfigurationPlatforms) = preSolution
		Debug|Any CPU = Debug|Any CPU
		Release|Any CPU = Release|Any CPU
	EndGlobalSection
	GlobalSection(ProjectConfigurationPlatforms) = postSolution
		{381EFDCB-8651-4041-8BC2-A38EEBA26CF8}.Debug|Any CPU.ActiveCfg = Debug|Any CPU
		{381EFDCB-8651-4041-8BC2-A38EEBA26CF8}.Debug|Any CPU.Build.0 = Debug|Any CPU
		{381EFDCB-8651-4041-8BC2-A38EEBA26CF8}.Release|Any CPU.ActiveCfg = Release|Any CPU
		{381EFDCB-8651-4041-8BC2-A38EEBA26CF8}.Release|Any CPU.Build.0 = Release|Any CPU
		{0A1D908E-E497-4FC3-9A7A-F932F752FCDC}.Debug|Any CPU.ActiveCfg = Debug|Any CPU
		{0A1D908E-E497-4FC3-9A7A-F932F752FCDC}.Debug|Any CPU.Build.0 = Debug|Any CPU
		{0A1D908E-E497-4FC3-9A7A-F932F752FCDC}.Release|Any CPU.ActiveCfg = Release|Any CPU
		{0A1D908E-E497-4FC3-9A7A-F932F752FCDC}.Release|Any CPU.Build.0 = Release|Any CPU
		{A571E1DC-FC1D-44AA-9A07-59A3C5C51EEA}.Debug|Any CPU.ActiveCfg = Debug|Any CPU
		{A571E1DC-FC1D-44AA-9A07-59A3C5C51EEA}.Debug|Any CPU.Build.0 = Debug|Any CPU
		{A571E1DC-FC1D-44AA-9A07-59A3C5C51EEA}.Release|Any CPU.ActiveCfg = Release|Any CPU
		{A571E1DC-FC1D-44AA-9A07-59A3C5C51EEA}.Release|Any CPU.Build.0 = Release|Any CPU
		{596B6B08-A390-4E0C-BE42-29834484DFF6}.Debug|Any CPU.ActiveCfg = Debug|Any CPU
		{596B6B08-A390-4E0C-BE42-29834484DFF6}.Debug|Any CPU.Build.0 = Debug|Any CPU
		{596B6B08-A390-4E0C-BE42-29834484DFF6}.Release|Any CPU.ActiveCfg = Release|Any CPU
		{596B6B08-A390-4E0C-BE42-29834484DFF6}.Release|Any CPU.Build.0 = Release|Any CPU
		{FBFB495B-75B1-4723-8620-9A3A42DA2052}.Debug|Any CPU.ActiveCfg = Debug|Any CPU
		{FBFB495B-75B1-4723-8620-9A3A42DA2052}.Debug|Any CPU.Build.0 = Debug|Any CPU
		{FBFB495B-75B1-4723-8620-9A3A42DA2052}.Release|Any CPU.ActiveCfg = Release|Any CPU
		{FBFB495B-75B1-4723-8620-9A3A42DA2052}.Release|Any CPU.Build.0 = Release|Any CPU
		{4E5E496D-739E-4F39-A25B-065ADFA5C20E}.Debug|Any CPU.ActiveCfg = Debug|Any CPU
		{4E5E496D-739E-4F39-A25B-065ADFA5C20E}.Debug|Any CPU.Build.0 = Debug|Any CPU
		{4E5E496D-739E-4F39-A25B-065ADFA5C20E}.Release|Any CPU.ActiveCfg = Release|Any CPU
		{4E5E496D-739E-4F39-A25B-065ADFA5C20E}.Release|Any CPU.Build.0 = Release|Any CPU
		{BD5E577F-4F6F-4459-B495-18F77B48F949}.Debug|Any CPU.ActiveCfg = Debug|Any CPU
		{BD5E577F-4F6F-4459-B495-18F77B48F949}.Debug|Any CPU.Build.0 = Debug|Any CPU
		{BD5E577F-4F6F-4459-B495-18F77B48F949}.Release|Any CPU.ActiveCfg = Release|Any CPU
		{BD5E577F-4F6F-4459-B495-18F77B48F949}.Release|Any CPU.Build.0 = Release|Any CPU
		{51D13DE2-CB0C-49AD-BDFA-AB72B1CCDD35}.Debug|Any CPU.ActiveCfg = Debug|Any CPU
		{51D13DE2-CB0C-49AD-BDFA-AB72B1CCDD35}.Debug|Any CPU.Build.0 = Debug|Any CPU
		{51D13DE2-CB0C-49AD-BDFA-AB72B1CCDD35}.Release|Any CPU.ActiveCfg = Release|Any CPU
		{51D13DE2-CB0C-49AD-BDFA-AB72B1CCDD35}.Release|Any CPU.Build.0 = Release|Any CPU
		{3AD713F9-0BC2-4C00-9D90-1BB2420B4119}.Debug|Any CPU.ActiveCfg = Debug|Any CPU
		{3AD713F9-0BC2-4C00-9D90-1BB2420B4119}.Debug|Any CPU.Build.0 = Debug|Any CPU
		{3AD713F9-0BC2-4C00-9D90-1BB2420B4119}.Release|Any CPU.ActiveCfg = Release|Any CPU
		{3AD713F9-0BC2-4C00-9D90-1BB2420B4119}.Release|Any CPU.Build.0 = Release|Any CPU
	EndGlobalSection
	GlobalSection(SolutionProperties) = preSolution
		HideSolutionNode = FALSE
	EndGlobalSection
	GlobalSection(NestedProjects) = preSolution
		{0A1D908E-E497-4FC3-9A7A-F932F752FCDC} = {FF5A2638-8C5D-4138-B6B4-A6A1F52263DA}
		{A571E1DC-FC1D-44AA-9A07-59A3C5C51EEA} = {FF5A2638-8C5D-4138-B6B4-A6A1F52263DA}
		{596B6B08-A390-4E0C-BE42-29834484DFF6} = {FF5A2638-8C5D-4138-B6B4-A6A1F52263DA}
		{FBFB495B-75B1-4723-8620-9A3A42DA2052} = {FF5A2638-8C5D-4138-B6B4-A6A1F52263DA}
		{4E5E496D-739E-4F39-A25B-065ADFA5C20E} = {FF5A2638-8C5D-4138-B6B4-A6A1F52263DA}
		{BD5E577F-4F6F-4459-B495-18F77B48F949} = {FF5A2638-8C5D-4138-B6B4-A6A1F52263DA}
		{51D13DE2-CB0C-49AD-BDFA-AB72B1CCDD35} = {FF5A2638-8C5D-4138-B6B4-A6A1F52263DA}
		{3AD713F9-0BC2-4C00-9D90-1BB2420B4119} = {FF5A2638-8C5D-4138-B6B4-A6A1F52263DA}
	EndGlobalSection
	GlobalSection(ExtensibilityGlobals) = postSolution
		SolutionGuid = {83EB6349-7550-402C-8AED-292AFBDAE6F0}
	EndGlobalSection
EndGlobal
