
Microsoft Visual Studio Solution File, Format Version 12.00
# Visual Studio Version 17
VisualStudioVersion = 17.8.34309.116
MinimumVisualStudioVersion = 10.0.40219.1
Project("{FAE04EC0-301F-11D3-BF4B-00C04F79EFBC}") = "Web-Reviews", "Web-Reviews.csproj", "{381EFDCB-8651-4041-8BC2-A38EEBA26CF8}"
EndProject
Global
	GlobalSection(SolutionConfigurationPlatforms) = preSolution
		Debug|Any CPU = Debug|Any CPU
		Release|Any CPU = Release|Any CPU
	EndGlobalSection
	GlobalSection(ProjectConfigurationPlatforms) = postSolution
		{381EFDCB-8651-4041-8BC2-A38EEBA26CF8}.Debug|Any CPU.ActiveCfg = Debug|Any CPU
		{381EFDCB-8651-4041-8BC2-A38EEBA26CF8}.Debug|Any CPU.Build.0 = Debug|Any CPU
		{381EFDCB-8651-4041-8BC2-A38EEBA26CF8}.Release|Any CPU.ActiveCfg = Release|Any CPU
		{381EFDCB-8651-4041-8BC2-A38EEBA26CF8}.Release|Any CPU.Build.0 = Release|Any CPU
	EndGlobalSection
	GlobalSection(SolutionProperties) = preSolution
		HideSolutionNode = FALSE
	EndGlobalSection
	GlobalSection(ExtensibilityGlobals) = postSolution
		SolutionGuid = {83EB6349-7550-402C-8AED-292AFBDAE6F0}
	EndGlobalSection
EndGlobal
